
Microsoft Visual Studio Solution File, Format Version 12.00
# Visual Studio Version 16
VisualStudioVersion = 16.0.29324.140
MinimumVisualStudioVersion = 10.0.40219.1
Project("{9A19103F-16F7-4668-BE54-9A1E7A4F7556}") = "StructsTasks", "StructsTasks\StructsTasks.csproj", "{A2136272-0DE1-4A65-93DB-3F0C00AF4345}"
EndProject
Project("{9A19103F-16F7-4668-BE54-9A1E7A4F7556}") = "UI", "UI\UI.csproj", "{53B05220-1E11-43BF-B148-D036177F0FE9}"
EndProject
Project("{FAE04EC0-301F-11D3-BF4B-00C04F79EFBC}") = "Examples", "Examples\Examples.csproj", "{8034E8E6-68AE-4F7D-A289-D7B91AF57F52}"
EndProject
Global
	GlobalSection(SolutionConfigurationPlatforms) = preSolution
		Debug|Any CPU = Debug|Any CPU
		Release|Any CPU = Release|Any CPU
	EndGlobalSection
	GlobalSection(ProjectConfigurationPlatforms) = postSolution
		{A2136272-0DE1-4A65-93DB-3F0C00AF4345}.Debug|Any CPU.ActiveCfg = Debug|Any CPU
		{A2136272-0DE1-4A65-93DB-3F0C00AF4345}.Debug|Any CPU.Build.0 = Debug|Any CPU
		{A2136272-0DE1-4A65-93DB-3F0C00AF4345}.Release|Any CPU.ActiveCfg = Release|Any CPU
		{A2136272-0DE1-4A65-93DB-3F0C00AF4345}.Release|Any CPU.Build.0 = Release|Any CPU
		{53B05220-1E11-43BF-B148-D036177F0FE9}.Debug|Any CPU.ActiveCfg = Debug|Any CPU
		{53B05220-1E11-43BF-B148-D036177F0FE9}.Debug|Any CPU.Build.0 = Debug|Any CPU
		{53B05220-1E11-43BF-B148-D036177F0FE9}.Release|Any CPU.ActiveCfg = Release|Any CPU
		{53B05220-1E11-43BF-B148-D036177F0FE9}.Release|Any CPU.Build.0 = Release|Any CPU
		{8034E8E6-68AE-4F7D-A289-D7B91AF57F52}.Debug|Any CPU.ActiveCfg = Debug|Any CPU
		{8034E8E6-68AE-4F7D-A289-D7B91AF57F52}.Debug|Any CPU.Build.0 = Debug|Any CPU
		{8034E8E6-68AE-4F7D-A289-D7B91AF57F52}.Release|Any CPU.ActiveCfg = Release|Any CPU
		{8034E8E6-68AE-4F7D-A289-D7B91AF57F52}.Release|Any CPU.Build.0 = Release|Any CPU
	EndGlobalSection
	GlobalSection(SolutionProperties) = preSolution
		HideSolutionNode = FALSE
	EndGlobalSection
	GlobalSection(ExtensibilityGlobals) = postSolution
		SolutionGuid = {26ECB3C2-B9CB-471D-8616-A383049D2E55}
	EndGlobalSection
EndGlobal
