
Microsoft Visual Studio Solution File, Format Version 12.00
# Visual Studio Version 16
VisualStudioVersion = 16.0.29324.140
MinimumVisualStudioVersion = 10.0.40219.1
Project("{9A19103F-16F7-4668-BE54-9A1E7A4F7556}") = "StructsTasks", "StructsTasks\StructsTasks.csproj", "{A2136272-0DE1-4A65-93DB-3F0C00AF4345}"
EndProject
Project("{9A19103F-16F7-4668-BE54-9A1E7A4F7556}") = "UI", "UI\UI.csproj", "{53B05220-1E11-43BF-B148-D036177F0FE9}"
EndProject
Project("{9A19103F-16F7-4668-BE54-9A1E7A4F7556}") = "Examples", "Examples\Examples.csproj", "{8034E8E6-68AE-4F7D-A289-D7B91AF57F52}"
EndProject
Project("{9A19103F-16F7-4668-BE54-9A1E7A4F7556}") = "ExceptionTasks", "ExceptionTasks\ExceptionTasks.csproj", "{D6A4AB89-8FA7-4CA8-B684-F38052C1062B}"
EndProject
Project("{9A19103F-16F7-4668-BE54-9A1E7A4F7556}") = "IO", "IO\IO.csproj", "{3727CA5F-A797-4879-9AA3-AE47B0F66520}"
EndProject
Project("{9A19103F-16F7-4668-BE54-9A1E7A4F7556}") = "CustomLogger", "Logger\CustomLogger.csproj", "{D6E1582A-F75F-4852-8CFC-0CB668EF1F34}"
EndProject
Project("{9A19103F-16F7-4668-BE54-9A1E7A4F7556}") = "SerializationTasks", "SerializationTasks\SerializationTasks.csproj", "{3A2653D5-50F5-4905-9224-73F67C67373B}"
EndProject
Project("{2150E333-8FDC-42A3-9474-1A3956D46DE8}") = "Solution Items", "Solution Items", "{4D488279-407A-4ABA-8C6A-A8197811BF81}"
	ProjectSection(SolutionItems) = preProject
		app.config = app.config
	EndProjectSection
EndProject
Global
	GlobalSection(SolutionConfigurationPlatforms) = preSolution
		Debug|Any CPU = Debug|Any CPU
		Release|Any CPU = Release|Any CPU
	EndGlobalSection
	GlobalSection(ProjectConfigurationPlatforms) = postSolution
		{A2136272-0DE1-4A65-93DB-3F0C00AF4345}.Debug|Any CPU.ActiveCfg = Debug|Any CPU
		{A2136272-0DE1-4A65-93DB-3F0C00AF4345}.Debug|Any CPU.Build.0 = Debug|Any CPU
		{A2136272-0DE1-4A65-93DB-3F0C00AF4345}.Release|Any CPU.ActiveCfg = Release|Any CPU
		{A2136272-0DE1-4A65-93DB-3F0C00AF4345}.Release|Any CPU.Build.0 = Release|Any CPU
		{53B05220-1E11-43BF-B148-D036177F0FE9}.Debug|Any CPU.ActiveCfg = Debug|Any CPU
		{53B05220-1E11-43BF-B148-D036177F0FE9}.Debug|Any CPU.Build.0 = Debug|Any CPU
		{53B05220-1E11-43BF-B148-D036177F0FE9}.Release|Any CPU.ActiveCfg = Release|Any CPU
		{53B05220-1E11-43BF-B148-D036177F0FE9}.Release|Any CPU.Build.0 = Release|Any CPU
		{8034E8E6-68AE-4F7D-A289-D7B91AF57F52}.Debug|Any CPU.ActiveCfg = Debug|Any CPU
		{8034E8E6-68AE-4F7D-A289-D7B91AF57F52}.Debug|Any CPU.Build.0 = Debug|Any CPU
		{8034E8E6-68AE-4F7D-A289-D7B91AF57F52}.Release|Any CPU.ActiveCfg = Release|Any CPU
		{8034E8E6-68AE-4F7D-A289-D7B91AF57F52}.Release|Any CPU.Build.0 = Release|Any CPU
		{D6A4AB89-8FA7-4CA8-B684-F38052C1062B}.Debug|Any CPU.ActiveCfg = Debug|Any CPU
		{D6A4AB89-8FA7-4CA8-B684-F38052C1062B}.Debug|Any CPU.Build.0 = Debug|Any CPU
		{D6A4AB89-8FA7-4CA8-B684-F38052C1062B}.Release|Any CPU.ActiveCfg = Release|Any CPU
		{D6A4AB89-8FA7-4CA8-B684-F38052C1062B}.Release|Any CPU.Build.0 = Release|Any CPU
		{3727CA5F-A797-4879-9AA3-AE47B0F66520}.Debug|Any CPU.ActiveCfg = Debug|Any CPU
		{3727CA5F-A797-4879-9AA3-AE47B0F66520}.Debug|Any CPU.Build.0 = Debug|Any CPU
		{3727CA5F-A797-4879-9AA3-AE47B0F66520}.Release|Any CPU.ActiveCfg = Release|Any CPU
		{3727CA5F-A797-4879-9AA3-AE47B0F66520}.Release|Any CPU.Build.0 = Release|Any CPU
		{D6E1582A-F75F-4852-8CFC-0CB668EF1F34}.Debug|Any CPU.ActiveCfg = Debug|Any CPU
		{D6E1582A-F75F-4852-8CFC-0CB668EF1F34}.Debug|Any CPU.Build.0 = Debug|Any CPU
		{D6E1582A-F75F-4852-8CFC-0CB668EF1F34}.Release|Any CPU.ActiveCfg = Release|Any CPU
		{D6E1582A-F75F-4852-8CFC-0CB668EF1F34}.Release|Any CPU.Build.0 = Release|Any CPU
		{3A2653D5-50F5-4905-9224-73F67C67373B}.Debug|Any CPU.ActiveCfg = Debug|Any CPU
		{3A2653D5-50F5-4905-9224-73F67C67373B}.Debug|Any CPU.Build.0 = Debug|Any CPU
		{3A2653D5-50F5-4905-9224-73F67C67373B}.Release|Any CPU.ActiveCfg = Release|Any CPU
		{3A2653D5-50F5-4905-9224-73F67C67373B}.Release|Any CPU.Build.0 = Release|Any CPU
	EndGlobalSection
	GlobalSection(SolutionProperties) = preSolution
		HideSolutionNode = FALSE
	EndGlobalSection
	GlobalSection(ExtensibilityGlobals) = postSolution
		SolutionGuid = {26ECB3C2-B9CB-471D-8616-A383049D2E55}
	EndGlobalSection
EndGlobal
